// !$*UTF8*$!
{
	archiveVersion = 1;
	classes = {
	};
	objectVersion = 46;
	objects = {

/* Begin PBXBuildFile section */
		6955FAF81F2958F900F2BF21 /* AppDelegate.swift in Sources */ = {isa = PBXBuildFile; fileRef = 6955FAF71F2958F900F2BF21 /* AppDelegate.swift */; };
		6955FAFD1F2958F900F2BF21 /* Main.storyboard in Resources */ = {isa = PBXBuildFile; fileRef = 6955FAFB1F2958F900F2BF21 /* Main.storyboard */; };
		6955FAFF1F2958F900F2BF21 /* Assets.xcassets in Resources */ = {isa = PBXBuildFile; fileRef = 6955FAFE1F2958F900F2BF21 /* Assets.xcassets */; };
		6955FB021F2958F900F2BF21 /* LaunchScreen.storyboard in Resources */ = {isa = PBXBuildFile; fileRef = 6955FB001F2958F900F2BF21 /* LaunchScreen.storyboard */; };
		6955FB0A1F295B0100F2BF21 /* HomeViewController.swift in Sources */ = {isa = PBXBuildFile; fileRef = 6955FB091F295B0100F2BF21 /* HomeViewController.swift */; };
		9E05FDB456CB147ABDFF88B2 /* Pods_BitTicker.framework in Frameworks */ = {isa = PBXBuildFile; fileRef = 509BFF9FCEFB29E42A6B3B18 /* Pods_BitTicker.framework */; };
/* End PBXBuildFile section */

/* Begin PBXFileReference section */
		509BFF9FCEFB29E42A6B3B18 /* Pods_BitTicker.framework */ = {isa = PBXFileReference; explicitFileType = wrapper.framework; includeInIndex = 0; path = Pods_BitTicker.framework; sourceTree = BUILT_PRODUCTS_DIR; };
		6955FAF41F2958F900F2BF21 /* BitTicker.app */ = {isa = PBXFileReference; explicitFileType = wrapper.application; includeInIndex = 0; path = BitTicker.app; sourceTree = BUILT_PRODUCTS_DIR; };
		6955FAF71F2958F900F2BF21 /* AppDelegate.swift */ = {isa = PBXFileReference; lastKnownFileType = sourcecode.swift; path = AppDelegate.swift; sourceTree = "<group>"; };
		6955FAFC1F2958F900F2BF21 /* Base */ = {isa = PBXFileReference; lastKnownFileType = file.storyboard; name = Base; path = Base.lproj/Main.storyboard; sourceTree = "<group>"; };
		6955FAFE1F2958F900F2BF21 /* Assets.xcassets */ = {isa = PBXFileReference; lastKnownFileType = folder.assetcatalog; path = Assets.xcassets; sourceTree = "<group>"; };
		6955FB011F2958F900F2BF21 /* Base */ = {isa = PBXFileReference; lastKnownFileType = file.storyboard; name = Base; path = Base.lproj/LaunchScreen.storyboard; sourceTree = "<group>"; };
		6955FB031F2958F900F2BF21 /* Info.plist */ = {isa = PBXFileReference; lastKnownFileType = text.plist.xml; path = Info.plist; sourceTree = "<group>"; };
		6955FB091F295B0100F2BF21 /* HomeViewController.swift */ = {isa = PBXFileReference; fileEncoding = 4; lastKnownFileType = sourcecode.swift; path = HomeViewController.swift; sourceTree = "<group>"; };
		8E36ECF1EB122F24B2867F88 /* Pods-BitTicker.debug.xcconfig */ = {isa = PBXFileReference; includeInIndex = 1; lastKnownFileType = text.xcconfig; name = "Pods-BitTicker.debug.xcconfig"; path = "Pods/Target Support Files/Pods-BitTicker/Pods-BitTicker.debug.xcconfig"; sourceTree = "<group>"; };
		E3188E6901B71F06685CA670 /* Pods-BitTicker.release.xcconfig */ = {isa = PBXFileReference; includeInIndex = 1; lastKnownFileType = text.xcconfig; name = "Pods-BitTicker.release.xcconfig"; path = "Pods/Target Support Files/Pods-BitTicker/Pods-BitTicker.release.xcconfig"; sourceTree = "<group>"; };
/* End PBXFileReference section */

/* Begin PBXFrameworksBuildPhase section */
		6955FAF11F2958F900F2BF21 /* Frameworks */ = {
			isa = PBXFrameworksBuildPhase;
			buildActionMask = 2147483647;
			files = (
				9E05FDB456CB147ABDFF88B2 /* Pods_BitTicker.framework in Frameworks */,
			);
			runOnlyForDeploymentPostprocessing = 0;
		};
/* End PBXFrameworksBuildPhase section */

/* Begin PBXGroup section */
		6955FAEB1F2958F900F2BF21 = {
			isa = PBXGroup;
			children = (
				6955FAF61F2958F900F2BF21 /* BitTicker */,
				6955FAF51F2958F900F2BF21 /* Products */,
				92713FA8BD69EEF067B6D81E /* Pods */,
				A14F5E5CDF2A2A9DA65CA612 /* Frameworks */,
			);
			sourceTree = "<group>";
		};
		6955FAF51F2958F900F2BF21 /* Products */ = {
			isa = PBXGroup;
			children = (
				6955FAF41F2958F900F2BF21 /* BitTicker.app */,
			);
			name = Products;
			sourceTree = "<group>";
		};
		6955FAF61F2958F900F2BF21 /* BitTicker */ = {
			isa = PBXGroup;
			children = (
				6955FAF71F2958F900F2BF21 /* AppDelegate.swift */,
				6955FAFB1F2958F900F2BF21 /* Main.storyboard */,
				6955FB091F295B0100F2BF21 /* HomeViewController.swift */,
				6955FAFE1F2958F900F2BF21 /* Assets.xcassets */,
				6955FB001F2958F900F2BF21 /* LaunchScreen.storyboard */,
				6955FB031F2958F900F2BF21 /* Info.plist */,
			);
			path = BitTicker;
			sourceTree = "<group>";
		};
		92713FA8BD69EEF067B6D81E /* Pods */ = {
			isa = PBXGroup;
			children = (
				8E36ECF1EB122F24B2867F88 /* Pods-BitTicker.debug.xcconfig */,
				E3188E6901B71F06685CA670 /* Pods-BitTicker.release.xcconfig */,
			);
			name = Pods;
			sourceTree = "<group>";
		};
		A14F5E5CDF2A2A9DA65CA612 /* Frameworks */ = {
			isa = PBXGroup;
			children = (
				509BFF9FCEFB29E42A6B3B18 /* Pods_BitTicker.framework */,
			);
			name = Frameworks;
			sourceTree = "<group>";
		};
/* End PBXGroup section */

/* Begin PBXNativeTarget section */
		6955FAF31F2958F900F2BF21 /* BitTicker */ = {
			isa = PBXNativeTarget;
			buildConfigurationList = 6955FB061F2958F900F2BF21 /* Build configuration list for PBXNativeTarget "BitTicker" */;
			buildPhases = (
				CEB1900DCD2A028EE10765AA /* [CP] Check Pods Manifest.lock */,
				6955FAF01F2958F900F2BF21 /* Sources */,
				6955FAF11F2958F900F2BF21 /* Frameworks */,
				6955FAF21F2958F900F2BF21 /* Resources */,
				C6BA32080758E270F076952F /* [CP] Embed Pods Frameworks */,
				98ECBC0D964A4A391756A8C1 /* [CP] Copy Pods Resources */,
			);
			buildRules = (
			);
			dependencies = (
			);
			name = BitTicker;
			productName = BitTicker;
			productReference = 6955FAF41F2958F900F2BF21 /* BitTicker.app */;
			productType = "com.apple.product-type.application";
		};
/* End PBXNativeTarget section */

/* Begin PBXProject section */
		6955FAEC1F2958F900F2BF21 /* Project object */ = {
			isa = PBXProject;
			attributes = {
				LastSwiftUpdateCheck = 0830;
				LastUpgradeCheck = 0830;
				ORGANIZATIONNAME = "Tony Man";
				TargetAttributes = {
					6955FAF31F2958F900F2BF21 = {
						CreatedOnToolsVersion = 8.3.3;
						DevelopmentTeam = 27U7RCXG8Q;
						ProvisioningStyle = Automatic;
					};
				};
			};
			buildConfigurationList = 6955FAEF1F2958F900F2BF21 /* Build configuration list for PBXProject "BitTicker" */;
			compatibilityVersion = "Xcode 3.2";
			developmentRegion = English;
			hasScannedForEncodings = 0;
			knownRegions = (
				en,
				Base,
			);
			mainGroup = 6955FAEB1F2958F900F2BF21;
			productRefGroup = 6955FAF51F2958F900F2BF21 /* Products */;
			projectDirPath = "";
			projectRoot = "";
			targets = (
				6955FAF31F2958F900F2BF21 /* BitTicker */,
			);
		};
/* End PBXProject section */

/* Begin PBXResourcesBuildPhase section */
		6955FAF21F2958F900F2BF21 /* Resources */ = {
			isa = PBXResourcesBuildPhase;
			buildActionMask = 2147483647;
			files = (
				6955FB021F2958F900F2BF21 /* LaunchScreen.storyboard in Resources */,
				6955FAFF1F2958F900F2BF21 /* Assets.xcassets in Resources */,
				6955FAFD1F2958F900F2BF21 /* Main.storyboard in Resources */,
			);
			runOnlyForDeploymentPostprocessing = 0;
		};
/* End PBXResourcesBuildPhase section */

/* Begin PBXShellScriptBuildPhase section */
		98ECBC0D964A4A391756A8C1 /* [CP] Copy Pods Resources */ = {
			isa = PBXShellScriptBuildPhase;
			buildActionMask = 2147483647;
			files = (
			);
			inputPaths = (
			);
			name = "[CP] Copy Pods Resources";
			outputPaths = (
			);
			runOnlyForDeploymentPostprocessing = 0;
			shellPath = /bin/sh;
			shellScript = "\"${SRCROOT}/Pods/Target Support Files/Pods-BitTicker/Pods-BitTicker-resources.sh\"\n";
			showEnvVarsInLog = 0;
		};
		C6BA32080758E270F076952F /* [CP] Embed Pods Frameworks */ = {
			isa = PBXShellScriptBuildPhase;
			buildActionMask = 2147483647;
			files = (
			);
			inputPaths = (
			);
			name = "[CP] Embed Pods Frameworks";
			outputPaths = (
			);
			runOnlyForDeploymentPostprocessing = 0;
			shellPath = /bin/sh;
			shellScript = "\"${SRCROOT}/Pods/Target Support Files/Pods-BitTicker/Pods-BitTicker-frameworks.sh\"\n";
			showEnvVarsInLog = 0;
		};
		CEB1900DCD2A028EE10765AA /* [CP] Check Pods Manifest.lock */ = {
			isa = PBXShellScriptBuildPhase;
			buildActionMask = 2147483647;
			files = (
			);
			inputPaths = (
			);
			name = "[CP] Check Pods Manifest.lock";
			outputPaths = (
			);
			runOnlyForDeploymentPostprocessing = 0;
			shellPath = /bin/sh;
			shellScript = "diff \"${PODS_PODFILE_DIR_PATH}/Podfile.lock\" \"${PODS_ROOT}/Manifest.lock\" > /dev/null\nif [ $? != 0 ] ; then\n    # print error to STDERR\n    echo \"error: The sandbox is not in sync with the Podfile.lock. Run 'pod install' or update your CocoaPods installation.\" >&2\n    exit 1\nfi\n";
			showEnvVarsInLog = 0;
		};
/* End PBXShellScriptBuildPhase section */

/* Begin PBXSourcesBuildPhase section */
		6955FAF01F2958F900F2BF21 /* Sources */ = {
			isa = PBXSourcesBuildPhase;
			buildActionMask = 2147483647;
			files = (
				6955FAF81F2958F900F2BF21 /* AppDelegate.swift in Sources */,
				6955FB0A1F295B0100F2BF21 /* HomeViewController.swift in Sources */,
			);
			runOnlyForDeploymentPostprocessing = 0;
		};
/* End PBXSourcesBuildPhase section */

/* Begin PBXVariantGroup section */
		6955FAFB1F2958F900F2BF21 /* Main.storyboard */ = {
			isa = PBXVariantGroup;
			children = (
				6955FAFC1F2958F900F2BF21 /* Base */,
			);
			name = Main.storyboard;
			sourceTree = "<group>";
		};
		6955FB001F2958F900F2BF21 /* LaunchScreen.storyboard */ = {
			isa = PBXVariantGroup;
			children = (
				6955FB011F2958F900F2BF21 /* Base */,
			);
			name = LaunchScreen.storyboard;
			sourceTree = "<group>";
		};
/* End PBXVariantGroup section */

/* Begin XCBuildConfiguration section */
		6955FB041F2958F900F2BF21 /* Debug */ = {
			isa = XCBuildConfiguration;
			buildSettings = {
				ALWAYS_SEARCH_USER_PATHS = NO;
				CLANG_ANALYZER_NONNULL = YES;
				CLANG_ANALYZER_NUMBER_OBJECT_CONVERSION = YES_AGGRESSIVE;
				CLANG_CXX_LANGUAGE_STANDARD = "gnu++0x";
				CLANG_CXX_LIBRARY = "libc++";
				CLANG_ENABLE_MODULES = YES;
				CLANG_ENABLE_OBJC_ARC = YES;
				CLANG_WARN_BOOL_CONVERSION = YES;
				CLANG_WARN_CONSTANT_CONVERSION = YES;
				CLANG_WARN_DIRECT_OBJC_ISA_USAGE = YES_ERROR;
				CLANG_WARN_DOCUMENTATION_COMMENTS = YES;
				CLANG_WARN_EMPTY_BODY = YES;
				CLANG_WARN_ENUM_CONVERSION = YES;
				CLANG_WARN_INFINITE_RECURSION = YES;
				CLANG_WARN_INT_CONVERSION = YES;
				CLANG_WARN_OBJC_ROOT_CLASS = YES_ERROR;
				CLANG_WARN_SUSPICIOUS_MOVE = YES;
				CLANG_WARN_UNREACHABLE_CODE = YES;
				CLANG_WARN__DUPLICATE_METHOD_MATCH = YES;
				"CODE_SIGN_IDENTITY[sdk=iphoneos*]" = "iPhone Developer";
				COPY_PHASE_STRIP = NO;
				DEBUG_INFORMATION_FORMAT = dwarf;
				ENABLE_STRICT_OBJC_MSGSEND = YES;
				ENABLE_TESTABILITY = YES;
				GCC_C_LANGUAGE_STANDARD = gnu99;
				GCC_DYNAMIC_NO_PIC = NO;
				GCC_NO_COMMON_BLOCKS = YES;
				GCC_OPTIMIZATION_LEVEL = 0;
				GCC_PREPROCESSOR_DEFINITIONS = (
					"DEBUG=1",
					"$(inherited)",
				);
				GCC_WARN_64_TO_32_BIT_CONVERSION = YES;
				GCC_WARN_ABOUT_RETURN_TYPE = YES_ERROR;
				GCC_WARN_UNDECLARED_SELECTOR = YES;
				GCC_WARN_UNINITIALIZED_AUTOS = YES_AGGRESSIVE;
				GCC_WARN_UNUSED_FUNCTION = YES;
				GCC_WARN_UNUSED_VARIABLE = YES;
				IPHONEOS_DEPLOYMENT_TARGET = 10.3;
				MTL_ENABLE_DEBUG_INFO = YES;
				ONLY_ACTIVE_ARCH = YES;
				SDKROOT = iphoneos;
				SWIFT_ACTIVE_COMPILATION_CONDITIONS = DEBUG;
				SWIFT_OPTIMIZATION_LEVEL = "-Onone";
				TARGETED_DEVICE_FAMILY = "1,2";
			};
			name = Debug;
		};
		6955FB051F2958F900F2BF21 /* Release */ = {
			isa = XCBuildConfiguration;
			buildSettings = {
				ALWAYS_SEARCH_USER_PATHS = NO;
				CLANG_ANALYZER_NONNULL = YES;
				CLANG_ANALYZER_NUMBER_OBJECT_CONVERSION = YES_AGGRESSIVE;
				CLANG_CXX_LANGUAGE_STANDARD = "gnu++0x";
				CLANG_CXX_LIBRARY = "libc++";
				CLANG_ENABLE_MODULES = YES;
				CLANG_ENABLE_OBJC_ARC = YES;
				CLANG_WARN_BOOL_CONVERSION = YES;
				CLANG_WARN_CONSTANT_CONVERSION = YES;
				CLANG_WARN_DIRECT_OBJC_ISA_USAGE = YES_ERROR;
				CLANG_WARN_DOCUMENTATION_COMMENTS = YES;
				CLANG_WARN_EMPTY_BODY = YES;
				CLANG_WARN_ENUM_CONVERSION = YES;
				CLANG_WARN_INFINITE_RECURSION = YES;
				CLANG_WARN_INT_CONVERSION = YES;
				CLANG_WARN_OBJC_ROOT_CLASS = YES_ERROR;
				CLANG_WARN_SUSPICIOUS_MOVE = YES;
				CLANG_WARN_UNREACHABLE_CODE = YES;
				CLANG_WARN__DUPLICATE_METHOD_MATCH = YES;
				"CODE_SIGN_IDENTITY[sdk=iphoneos*]" = "iPhone Developer";
				COPY_PHASE_STRIP = NO;
				DEBUG_INFORMATION_FORMAT = "dwarf-with-dsym";
				ENABLE_NS_ASSERTIONS = NO;
				ENABLE_STRICT_OBJC_MSGSEND = YES;
				GCC_C_LANGUAGE_STANDARD = gnu99;
				GCC_NO_COMMON_BLOCKS = YES;
				GCC_WARN_64_TO_32_BIT_CONVERSION = YES;
				GCC_WARN_ABOUT_RETURN_TYPE = YES_ERROR;
				GCC_WARN_UNDECLARED_SELECTOR = YES;
				GCC_WARN_UNINITIALIZED_AUTOS = YES_AGGRESSIVE;
				GCC_WARN_UNUSED_FUNCTION = YES;
				GCC_WARN_UNUSED_VARIABLE = YES;
				IPHONEOS_DEPLOYMENT_TARGET = 10.3;
				MTL_ENABLE_DEBUG_INFO = NO;
				SDKROOT = iphoneos;
				SWIFT_OPTIMIZATION_LEVEL = "-Owholemodule";
				TARGETED_DEVICE_FAMILY = "1,2";
				VALIDATE_PRODUCT = YES;
			};
			name = Release;
		};
		6955FB071F2958F900F2BF21 /* Debug */ = {
			isa = XCBuildConfiguration;
			baseConfigurationReference = 8E36ECF1EB122F24B2867F88 /* Pods-BitTicker.debug.xcconfig */;
			buildSettings = {
				ASSETCATALOG_COMPILER_APPICON_NAME = AppIcon;
				DEVELOPMENT_TEAM = 27U7RCXG8Q;
				INFOPLIST_FILE = BitTicker/Info.plist;
				LD_RUNPATH_SEARCH_PATHS = "$(inherited) @executable_path/Frameworks";
				PRODUCT_BUNDLE_IDENTIFIER = Tonyman.BitTicker;
				PRODUCT_NAME = "$(TARGET_NAME)";
				SWIFT_VERSION = 3.0;
			};
			name = Debug;
		};
		6955FB081F2958F900F2BF21 /* Release */ = {
			isa = XCBuildConfiguration;
			baseConfigurationReference = E3188E6901B71F06685CA670 /* Pods-BitTicker.release.xcconfig */;
			buildSettings = {
				ASSETCATALOG_COMPILER_APPICON_NAME = AppIcon;
				DEVELOPMENT_TEAM = 27U7RCXG8Q;
				INFOPLIST_FILE = BitTicker/Info.plist;
				LD_RUNPATH_SEARCH_PATHS = "$(inherited) @executable_path/Frameworks";
				PRODUCT_BUNDLE_IDENTIFIER = Tonyman.BitTicker;
				PRODUCT_NAME = "$(TARGET_NAME)";
				SWIFT_VERSION = 3.0;
			};
			name = Release;
		};
/* End XCBuildConfiguration section */

/* Begin XCConfigurationList section */
		6955FAEF1F2958F900F2BF21 /* Build configuration list for PBXProject "BitTicker" */ = {
			isa = XCConfigurationList;
			buildConfigurations = (
				6955FB041F2958F900F2BF21 /* Debug */,
				6955FB051F2958F900F2BF21 /* Release */,
			);
			defaultConfigurationIsVisible = 0;
			defaultConfigurationName = Release;
		};
		6955FB061F2958F900F2BF21 /* Build configuration list for PBXNativeTarget "BitTicker" */ = {
			isa = XCConfigurationList;
			buildConfigurations = (
				6955FB071F2958F900F2BF21 /* Debug */,
				6955FB081F2958F900F2BF21 /* Release */,
			);
			defaultConfigurationIsVisible = 0;
			defaultConfigurationName = Release;
		};
/* End XCConfigurationList section */
	};
	rootObject = 6955FAEC1F2958F900F2BF21 /* Project object */;
}
